// !$*UTF8*$!
{
	archiveVersion = 1;
	classes = {
	};
	objectVersion = 56;
	objects = {

/* Begin PBXBuildFile section */
		DE021773292F807000FB62E8 /* MainViewController.swift in Sources */ = {isa = PBXBuildFile; fileRef = DE021772292F807000FB62E8 /* MainViewController.swift */; };
		DE021775292F813800FB62E8 /* MainViewModel.swift in Sources */ = {isa = PBXBuildFile; fileRef = DE021774292F813800FB62E8 /* MainViewModel.swift */; };
		DE02177A292F98B200FB62E8 /* CustomTableViewCell.swift in Sources */ = {isa = PBXBuildFile; fileRef = DE021779292F98B200FB62E8 /* CustomTableViewCell.swift */; };
		DE0217BA29363BFF00FB62E8 /* OrdersResultModel.swift in Sources */ = {isa = PBXBuildFile; fileRef = DE0217B929363BFF00FB62E8 /* OrdersResultModel.swift */; };
		DE0217BC29363C5B00FB62E8 /* OrderModel.swift in Sources */ = {isa = PBXBuildFile; fileRef = DE0217BB29363C5B00FB62E8 /* OrderModel.swift */; };
		DE0217BE29363E8900FB62E8 /* RequestManager.swift in Sources */ = {isa = PBXBuildFile; fileRef = DE0217BD29363E8900FB62E8 /* RequestManager.swift */; };
		DE0217C029388E1A00FB62E8 /* UIView+Extension.swift in Sources */ = {isa = PBXBuildFile; fileRef = DE0217BF29388E1A00FB62E8 /* UIView+Extension.swift */; };
		DE0217C22938972800FB62E8 /* OrderViewController.swift in Sources */ = {isa = PBXBuildFile; fileRef = DE0217C12938972800FB62E8 /* OrderViewController.swift */; };
		DE0217F0293CE23100FB62E8 /* UserStatuses in Resources */ = {isa = PBXBuildFile; fileRef = DE0217EF293CE23100FB62E8 /* UserStatuses */; };
		DEC3EDBD292A595300A31477 /* AppDelegate.swift in Sources */ = {isa = PBXBuildFile; fileRef = DEC3EDBC292A595300A31477 /* AppDelegate.swift */; };
		DEC3EDBF292A595300A31477 /* SceneDelegate.swift in Sources */ = {isa = PBXBuildFile; fileRef = DEC3EDBE292A595300A31477 /* SceneDelegate.swift */; };
		DEC3EDC1292A595300A31477 /* ViewController.swift in Sources */ = {isa = PBXBuildFile; fileRef = DEC3EDC0292A595300A31477 /* ViewController.swift */; };
		DEC3EDC6292A595500A31477 /* Assets.xcassets in Resources */ = {isa = PBXBuildFile; fileRef = DEC3EDC5292A595500A31477 /* Assets.xcassets */; };
		DEC3EDC9292A595500A31477 /* LaunchScreen.storyboard in Resources */ = {isa = PBXBuildFile; fileRef = DEC3EDC7292A595500A31477 /* LaunchScreen.storyboard */; };
		DEC3EDD1292A5F5200A31477 /* StockResultModel.swift in Sources */ = {isa = PBXBuildFile; fileRef = DEC3EDD0292A5F5200A31477 /* StockResultModel.swift */; };
		DEC3EDD3292A5FAB00A31477 /* StockModel.swift in Sources */ = {isa = PBXBuildFile; fileRef = DEC3EDD2292A5FAB00A31477 /* StockModel.swift */; };
		DEC3EDD5292B35BA00A31477 /* NetworkManager.swift in Sources */ = {isa = PBXBuildFile; fileRef = DEC3EDD4292B35BA00A31477 /* NetworkManager.swift */; };
		DEC3EDD7292B35CC00A31477 /* ViewModel.swift in Sources */ = {isa = PBXBuildFile; fileRef = DEC3EDD6292B35CC00A31477 /* ViewModel.swift */; };
		DEC3EDDD292B427900A31477 /* .gitignore in Resources */ = {isa = PBXBuildFile; fileRef = DEC3EDDC292B427900A31477 /* .gitignore */; };
		DEC3EDE5292C850300A31477 /* UIColor+Extension.swift in Sources */ = {isa = PBXBuildFile; fileRef = DEC3EDE4292C850300A31477 /* UIColor+Extension.swift */; };
/* End PBXBuildFile section */

/* Begin PBXFileReference section */
		DE021772292F807000FB62E8 /* MainViewController.swift */ = {isa = PBXFileReference; lastKnownFileType = sourcecode.swift; path = MainViewController.swift; sourceTree = "<group>"; };
		DE021774292F813800FB62E8 /* MainViewModel.swift */ = {isa = PBXFileReference; lastKnownFileType = sourcecode.swift; path = MainViewModel.swift; sourceTree = "<group>"; };
		DE021779292F98B200FB62E8 /* CustomTableViewCell.swift */ = {isa = PBXFileReference; lastKnownFileType = sourcecode.swift; path = CustomTableViewCell.swift; sourceTree = "<group>"; };
		DE0217B929363BFF00FB62E8 /* OrdersResultModel.swift */ = {isa = PBXFileReference; lastKnownFileType = sourcecode.swift; path = OrdersResultModel.swift; sourceTree = "<group>"; };
		DE0217BB29363C5B00FB62E8 /* OrderModel.swift */ = {isa = PBXFileReference; lastKnownFileType = sourcecode.swift; path = OrderModel.swift; sourceTree = "<group>"; };
		DE0217BD29363E8900FB62E8 /* RequestManager.swift */ = {isa = PBXFileReference; lastKnownFileType = sourcecode.swift; path = RequestManager.swift; sourceTree = "<group>"; };
		DE0217BF29388E1A00FB62E8 /* UIView+Extension.swift */ = {isa = PBXFileReference; lastKnownFileType = sourcecode.swift; path = "UIView+Extension.swift"; sourceTree = "<group>"; };
		DE0217C12938972800FB62E8 /* OrderViewController.swift */ = {isa = PBXFileReference; lastKnownFileType = sourcecode.swift; path = OrderViewController.swift; sourceTree = "<group>"; };
		DE0217EF293CE23100FB62E8 /* UserStatuses */ = {isa = PBXFileReference; lastKnownFileType = text; path = UserStatuses; sourceTree = "<group>"; };
		DEC3EDB9292A595300A31477 /* WBOrdersNotify.app */ = {isa = PBXFileReference; explicitFileType = wrapper.application; includeInIndex = 0; path = WBOrdersNotify.app; sourceTree = BUILT_PRODUCTS_DIR; };
		DEC3EDBC292A595300A31477 /* AppDelegate.swift */ = {isa = PBXFileReference; lastKnownFileType = sourcecode.swift; path = AppDelegate.swift; sourceTree = "<group>"; };
		DEC3EDBE292A595300A31477 /* SceneDelegate.swift */ = {isa = PBXFileReference; lastKnownFileType = sourcecode.swift; path = SceneDelegate.swift; sourceTree = "<group>"; };
		DEC3EDC0292A595300A31477 /* ViewController.swift */ = {isa = PBXFileReference; lastKnownFileType = sourcecode.swift; path = ViewController.swift; sourceTree = "<group>"; };
		DEC3EDC5292A595500A31477 /* Assets.xcassets */ = {isa = PBXFileReference; lastKnownFileType = folder.assetcatalog; path = Assets.xcassets; sourceTree = "<group>"; };
		DEC3EDC8292A595500A31477 /* Base */ = {isa = PBXFileReference; lastKnownFileType = file.storyboard; name = Base; path = Base.lproj/LaunchScreen.storyboard; sourceTree = "<group>"; };
		DEC3EDCA292A595500A31477 /* Info.plist */ = {isa = PBXFileReference; lastKnownFileType = text.plist.xml; path = Info.plist; sourceTree = "<group>"; };
		DEC3EDD0292A5F5200A31477 /* StockResultModel.swift */ = {isa = PBXFileReference; lastKnownFileType = sourcecode.swift; path = StockResultModel.swift; sourceTree = "<group>"; };
		DEC3EDD2292A5FAB00A31477 /* StockModel.swift */ = {isa = PBXFileReference; lastKnownFileType = sourcecode.swift; path = StockModel.swift; sourceTree = "<group>"; };
		DEC3EDD4292B35BA00A31477 /* NetworkManager.swift */ = {isa = PBXFileReference; lastKnownFileType = sourcecode.swift; path = NetworkManager.swift; sourceTree = "<group>"; };
		DEC3EDD6292B35CC00A31477 /* ViewModel.swift */ = {isa = PBXFileReference; lastKnownFileType = sourcecode.swift; path = ViewModel.swift; sourceTree = "<group>"; };
		DEC3EDDC292B427900A31477 /* .gitignore */ = {isa = PBXFileReference; lastKnownFileType = text; path = .gitignore; sourceTree = "<group>"; };
		DEC3EDE4292C850300A31477 /* UIColor+Extension.swift */ = {isa = PBXFileReference; lastKnownFileType = sourcecode.swift; path = "UIColor+Extension.swift"; sourceTree = "<group>"; };
/* End PBXFileReference section */

/* Begin PBXFrameworksBuildPhase section */
		DEC3EDB6292A595300A31477 /* Frameworks */ = {
			isa = PBXFrameworksBuildPhase;
			buildActionMask = 2147483647;
			files = (
			);
			runOnlyForDeploymentPostprocessing = 0;
		};
/* End PBXFrameworksBuildPhase section */

/* Begin PBXGroup section */
		DE021776292F81D600FB62E8 /* MainScreen */ = {
			isa = PBXGroup;
			children = (
				DE021772292F807000FB62E8 /* MainViewController.swift */,
				DE021779292F98B200FB62E8 /* CustomTableViewCell.swift */,
			);
			path = MainScreen;
			sourceTree = "<group>";
		};
		DEC3EDB0292A595300A31477 = {
			isa = PBXGroup;
			children = (
				DEC3EDDC292B427900A31477 /* .gitignore */,
				DEC3EDBB292A595300A31477 /* WBOrdersNotify */,
				DEC3EDBA292A595300A31477 /* Products */,
			);
			sourceTree = "<group>";
		};
		DEC3EDBA292A595300A31477 /* Products */ = {
			isa = PBXGroup;
			children = (
				DEC3EDB9292A595300A31477 /* WBOrdersNotify.app */,
			);
			name = Products;
			sourceTree = "<group>";
		};
		DEC3EDBB292A595300A31477 /* WBOrdersNotify */ = {
			isa = PBXGroup;
			children = (
				DEC3EDD8292B3A8800A31477 /* Services */,
				DEC3EDBC292A595300A31477 /* AppDelegate.swift */,
				DEC3EDBE292A595300A31477 /* SceneDelegate.swift */,
				DEC3EDE6292C851400A31477 /* Extenstions */,
				DEC3EDDB292B3AC500A31477 /* View */,
				DEC3EDD9292B3A9A00A31477 /* ViewModel */,
				DEC3EDDA292B3AA300A31477 /* Model */,
				DEC3EDC5292A595500A31477 /* Assets.xcassets */,
				DEC3EDC7292A595500A31477 /* LaunchScreen.storyboard */,
				DEC3EDCA292A595500A31477 /* Info.plist */,
				DE0217EF293CE23100FB62E8 /* UserStatuses */,
			);
			path = WBOrdersNotify;
			sourceTree = "<group>";
		};
		DEC3EDD8292B3A8800A31477 /* Services */ = {
			isa = PBXGroup;
			children = (
				DEC3EDD4292B35BA00A31477 /* NetworkManager.swift */,
				DE0217BD29363E8900FB62E8 /* RequestManager.swift */,
			);
			path = Services;
			sourceTree = "<group>";
		};
		DEC3EDD9292B3A9A00A31477 /* ViewModel */ = {
			isa = PBXGroup;
			children = (
				DEC3EDD6292B35CC00A31477 /* ViewModel.swift */,
				DE021774292F813800FB62E8 /* MainViewModel.swift */,
			);
			path = ViewModel;
			sourceTree = "<group>";
		};
		DEC3EDDA292B3AA300A31477 /* Model */ = {
			isa = PBXGroup;
			children = (
				DEC3EDD0292A5F5200A31477 /* StockResultModel.swift */,
				DEC3EDD2292A5FAB00A31477 /* StockModel.swift */,
				DE0217B929363BFF00FB62E8 /* OrdersResultModel.swift */,
				DE0217BB29363C5B00FB62E8 /* OrderModel.swift */,
			);
			path = Model;
			sourceTree = "<group>";
		};
		DEC3EDDB292B3AC500A31477 /* View */ = {
			isa = PBXGroup;
			children = (
				DEC3EDC0292A595300A31477 /* ViewController.swift */,
				DE0217C12938972800FB62E8 /* OrderViewController.swift */,
				DE021776292F81D600FB62E8 /* MainScreen */,
			);
			path = View;
			sourceTree = "<group>";
		};
		DEC3EDE6292C851400A31477 /* Extenstions */ = {
			isa = PBXGroup;
			children = (
				DEC3EDE4292C850300A31477 /* UIColor+Extension.swift */,
				DE0217BF29388E1A00FB62E8 /* UIView+Extension.swift */,
			);
			path = Extenstions;
			sourceTree = "<group>";
		};
/* End PBXGroup section */

/* Begin PBXNativeTarget section */
		DEC3EDB8292A595300A31477 /* WBOrdersNotify */ = {
			isa = PBXNativeTarget;
			buildConfigurationList = DEC3EDCD292A595500A31477 /* Build configuration list for PBXNativeTarget "WBOrdersNotify" */;
			buildPhases = (
				DEC3EDB5292A595300A31477 /* Sources */,
				DEC3EDB6292A595300A31477 /* Frameworks */,
				DEC3EDB7292A595300A31477 /* Resources */,
			);
			buildRules = (
			);
			dependencies = (
			);
			name = WBOrdersNotify;
			productName = WBOrdersNotify;
			productReference = DEC3EDB9292A595300A31477 /* WBOrdersNotify.app */;
			productType = "com.apple.product-type.application";
		};
/* End PBXNativeTarget section */

/* Begin PBXProject section */
		DEC3EDB1292A595300A31477 /* Project object */ = {
			isa = PBXProject;
			attributes = {
				BuildIndependentTargetsInParallel = 1;
				LastSwiftUpdateCheck = 1410;
				LastUpgradeCheck = 1410;
				TargetAttributes = {
					DEC3EDB8292A595300A31477 = {
						CreatedOnToolsVersion = 14.1;
					};
				};
			};
			buildConfigurationList = DEC3EDB4292A595300A31477 /* Build configuration list for PBXProject "WBOrdersNotify" */;
			compatibilityVersion = "Xcode 14.0";
			developmentRegion = en;
			hasScannedForEncodings = 0;
			knownRegions = (
				en,
				Base,
			);
			mainGroup = DEC3EDB0292A595300A31477;
			productRefGroup = DEC3EDBA292A595300A31477 /* Products */;
			projectDirPath = "";
			projectRoot = "";
			targets = (
				DEC3EDB8292A595300A31477 /* WBOrdersNotify */,
			);
		};
/* End PBXProject section */

/* Begin PBXResourcesBuildPhase section */
		DEC3EDB7292A595300A31477 /* Resources */ = {
			isa = PBXResourcesBuildPhase;
			buildActionMask = 2147483647;
			files = (
				DEC3EDC9292A595500A31477 /* LaunchScreen.storyboard in Resources */,
				DEC3EDDD292B427900A31477 /* .gitignore in Resources */,
				DEC3EDC6292A595500A31477 /* Assets.xcassets in Resources */,
				DE0217F0293CE23100FB62E8 /* UserStatuses in Resources */,
			);
			runOnlyForDeploymentPostprocessing = 0;
		};
/* End PBXResourcesBuildPhase section */

/* Begin PBXSourcesBuildPhase section */
		DEC3EDB5292A595300A31477 /* Sources */ = {
			isa = PBXSourcesBuildPhase;
			buildActionMask = 2147483647;
			files = (
				DEC3EDD5292B35BA00A31477 /* NetworkManager.swift in Sources */,
				DE0217BA29363BFF00FB62E8 /* OrdersResultModel.swift in Sources */,
				DEC3EDC1292A595300A31477 /* ViewController.swift in Sources */,
				DE0217C029388E1A00FB62E8 /* UIView+Extension.swift in Sources */,
				DE0217BC29363C5B00FB62E8 /* OrderModel.swift in Sources */,
				DE02177A292F98B200FB62E8 /* CustomTableViewCell.swift in Sources */,
				DEC3EDBD292A595300A31477 /* AppDelegate.swift in Sources */,
				DE021775292F813800FB62E8 /* MainViewModel.swift in Sources */,
				DEC3EDBF292A595300A31477 /* SceneDelegate.swift in Sources */,
				DE021773292F807000FB62E8 /* MainViewController.swift in Sources */,
				DEC3EDD1292A5F5200A31477 /* StockResultModel.swift in Sources */,
				DEC3EDD3292A5FAB00A31477 /* StockModel.swift in Sources */,
				DE0217BE29363E8900FB62E8 /* RequestManager.swift in Sources */,
				DEC3EDD7292B35CC00A31477 /* ViewModel.swift in Sources */,
				DEC3EDE5292C850300A31477 /* UIColor+Extension.swift in Sources */,
				DE0217C22938972800FB62E8 /* OrderViewController.swift in Sources */,
			);
			runOnlyForDeploymentPostprocessing = 0;
		};
/* End PBXSourcesBuildPhase section */

/* Begin PBXVariantGroup section */
		DEC3EDC7292A595500A31477 /* LaunchScreen.storyboard */ = {
			isa = PBXVariantGroup;
			children = (
				DEC3EDC8292A595500A31477 /* Base */,
			);
			name = LaunchScreen.storyboard;
			sourceTree = "<group>";
		};
/* End PBXVariantGroup section */

/* Begin XCBuildConfiguration section */
		DEC3EDCB292A595500A31477 /* Debug */ = {
			isa = XCBuildConfiguration;
			buildSettings = {
				ALWAYS_SEARCH_USER_PATHS = NO;
				CLANG_ANALYZER_NONNULL = YES;
				CLANG_ANALYZER_NUMBER_OBJECT_CONVERSION = YES_AGGRESSIVE;
				CLANG_CXX_LANGUAGE_STANDARD = "gnu++20";
				CLANG_ENABLE_MODULES = YES;
				CLANG_ENABLE_OBJC_ARC = YES;
				CLANG_ENABLE_OBJC_WEAK = YES;
				CLANG_WARN_BLOCK_CAPTURE_AUTORELEASING = YES;
				CLANG_WARN_BOOL_CONVERSION = YES;
				CLANG_WARN_COMMA = YES;
				CLANG_WARN_CONSTANT_CONVERSION = YES;
				CLANG_WARN_DEPRECATED_OBJC_IMPLEMENTATIONS = YES;
				CLANG_WARN_DIRECT_OBJC_ISA_USAGE = YES_ERROR;
				CLANG_WARN_DOCUMENTATION_COMMENTS = YES;
				CLANG_WARN_EMPTY_BODY = YES;
				CLANG_WARN_ENUM_CONVERSION = YES;
				CLANG_WARN_INFINITE_RECURSION = YES;
				CLANG_WARN_INT_CONVERSION = YES;
				CLANG_WARN_NON_LITERAL_NULL_CONVERSION = YES;
				CLANG_WARN_OBJC_IMPLICIT_RETAIN_SELF = YES;
				CLANG_WARN_OBJC_LITERAL_CONVERSION = YES;
				CLANG_WARN_OBJC_ROOT_CLASS = YES_ERROR;
				CLANG_WARN_QUOTED_INCLUDE_IN_FRAMEWORK_HEADER = YES;
				CLANG_WARN_RANGE_LOOP_ANALYSIS = YES;
				CLANG_WARN_STRICT_PROTOTYPES = YES;
				CLANG_WARN_SUSPICIOUS_MOVE = YES;
				CLANG_WARN_UNGUARDED_AVAILABILITY = YES_AGGRESSIVE;
				CLANG_WARN_UNREACHABLE_CODE = YES;
				CLANG_WARN__DUPLICATE_METHOD_MATCH = YES;
				COPY_PHASE_STRIP = NO;
				DEBUG_INFORMATION_FORMAT = dwarf;
				ENABLE_STRICT_OBJC_MSGSEND = YES;
				ENABLE_TESTABILITY = YES;
				GCC_C_LANGUAGE_STANDARD = gnu11;
				GCC_DYNAMIC_NO_PIC = NO;
				GCC_NO_COMMON_BLOCKS = YES;
				GCC_OPTIMIZATION_LEVEL = 0;
				GCC_PREPROCESSOR_DEFINITIONS = (
					"DEBUG=1",
					"$(inherited)",
				);
				GCC_WARN_64_TO_32_BIT_CONVERSION = YES;
				GCC_WARN_ABOUT_RETURN_TYPE = YES_ERROR;
				GCC_WARN_UNDECLARED_SELECTOR = YES;
				GCC_WARN_UNINITIALIZED_AUTOS = YES_AGGRESSIVE;
				GCC_WARN_UNUSED_FUNCTION = YES;
				GCC_WARN_UNUSED_VARIABLE = YES;
				IPHONEOS_DEPLOYMENT_TARGET = 14.0;
				MTL_ENABLE_DEBUG_INFO = INCLUDE_SOURCE;
				MTL_FAST_MATH = YES;
				ONLY_ACTIVE_ARCH = YES;
				SDKROOT = iphoneos;
				SWIFT_ACTIVE_COMPILATION_CONDITIONS = DEBUG;
				SWIFT_OPTIMIZATION_LEVEL = "-Onone";
			};
			name = Debug;
		};
		DEC3EDCC292A595500A31477 /* Release */ = {
			isa = XCBuildConfiguration;
			buildSettings = {
				ALWAYS_SEARCH_USER_PATHS = NO;
				CLANG_ANALYZER_NONNULL = YES;
				CLANG_ANALYZER_NUMBER_OBJECT_CONVERSION = YES_AGGRESSIVE;
				CLANG_CXX_LANGUAGE_STANDARD = "gnu++20";
				CLANG_ENABLE_MODULES = YES;
				CLANG_ENABLE_OBJC_ARC = YES;
				CLANG_ENABLE_OBJC_WEAK = YES;
				CLANG_WARN_BLOCK_CAPTURE_AUTORELEASING = YES;
				CLANG_WARN_BOOL_CONVERSION = YES;
				CLANG_WARN_COMMA = YES;
				CLANG_WARN_CONSTANT_CONVERSION = YES;
				CLANG_WARN_DEPRECATED_OBJC_IMPLEMENTATIONS = YES;
				CLANG_WARN_DIRECT_OBJC_ISA_USAGE = YES_ERROR;
				CLANG_WARN_DOCUMENTATION_COMMENTS = YES;
				CLANG_WARN_EMPTY_BODY = YES;
				CLANG_WARN_ENUM_CONVERSION = YES;
				CLANG_WARN_INFINITE_RECURSION = YES;
				CLANG_WARN_INT_CONVERSION = YES;
				CLANG_WARN_NON_LITERAL_NULL_CONVERSION = YES;
				CLANG_WARN_OBJC_IMPLICIT_RETAIN_SELF = YES;
				CLANG_WARN_OBJC_LITERAL_CONVERSION = YES;
				CLANG_WARN_OBJC_ROOT_CLASS = YES_ERROR;
				CLANG_WARN_QUOTED_INCLUDE_IN_FRAMEWORK_HEADER = YES;
				CLANG_WARN_RANGE_LOOP_ANALYSIS = YES;
				CLANG_WARN_STRICT_PROTOTYPES = YES;
				CLANG_WARN_SUSPICIOUS_MOVE = YES;
				CLANG_WARN_UNGUARDED_AVAILABILITY = YES_AGGRESSIVE;
				CLANG_WARN_UNREACHABLE_CODE = YES;
				CLANG_WARN__DUPLICATE_METHOD_MATCH = YES;
				COPY_PHASE_STRIP = NO;
				DEBUG_INFORMATION_FORMAT = "dwarf-with-dsym";
				ENABLE_NS_ASSERTIONS = NO;
				ENABLE_STRICT_OBJC_MSGSEND = YES;
				GCC_C_LANGUAGE_STANDARD = gnu11;
				GCC_NO_COMMON_BLOCKS = YES;
				GCC_WARN_64_TO_32_BIT_CONVERSION = YES;
				GCC_WARN_ABOUT_RETURN_TYPE = YES_ERROR;
				GCC_WARN_UNDECLARED_SELECTOR = YES;
				GCC_WARN_UNINITIALIZED_AUTOS = YES_AGGRESSIVE;
				GCC_WARN_UNUSED_FUNCTION = YES;
				GCC_WARN_UNUSED_VARIABLE = YES;
				IPHONEOS_DEPLOYMENT_TARGET = 14.0;
				MTL_ENABLE_DEBUG_INFO = NO;
				MTL_FAST_MATH = YES;
				SDKROOT = iphoneos;
				SWIFT_COMPILATION_MODE = wholemodule;
				SWIFT_OPTIMIZATION_LEVEL = "-O";
				VALIDATE_PRODUCT = YES;
			};
			name = Release;
		};
		DEC3EDCE292A595500A31477 /* Debug */ = {
			isa = XCBuildConfiguration;
			buildSettings = {
				ASSETCATALOG_COMPILER_APPICON_NAME = AppIcon;
				ASSETCATALOG_COMPILER_GLOBAL_ACCENT_COLOR_NAME = AccentColor;
				CODE_SIGN_STYLE = Automatic;
				CURRENT_PROJECT_VERSION = 1;
				DEVELOPMENT_TEAM = 6X73SB6LVU;
				GENERATE_INFOPLIST_FILE = YES;
				INFOPLIST_FILE = WBOrdersNotify/Info.plist;
				INFOPLIST_KEY_UIApplicationSupportsIndirectInputEvents = YES;
				INFOPLIST_KEY_UILaunchStoryboardName = LaunchScreen;
				INFOPLIST_KEY_UISupportedInterfaceOrientations = UIInterfaceOrientationPortrait;
				INFOPLIST_KEY_UISupportedInterfaceOrientations_iPad = "UIInterfaceOrientationLandscapeLeft UIInterfaceOrientationLandscapeRight UIInterfaceOrientationPortrait UIInterfaceOrientationPortraitUpsideDown";
				IPHONEOS_DEPLOYMENT_TARGET = 14.0;
				LD_RUNPATH_SEARCH_PATHS = (
					"$(inherited)",
					"@executable_path/Frameworks",
				);
				MARKETING_VERSION = 1.0;
				PRODUCT_BUNDLE_IDENTIFIER = com.WBOrdersNotify;
				PRODUCT_NAME = "$(TARGET_NAME)";
				SUPPORTED_PLATFORMS = "iphoneos iphonesimulator";
				SUPPORTS_MACCATALYST = NO;
				SUPPORTS_MAC_DESIGNED_FOR_IPHONE_IPAD = NO;
				SWIFT_EMIT_LOC_STRINGS = YES;
				SWIFT_VERSION = 5.0;
				TARGETED_DEVICE_FAMILY = 1;
			};
			name = Debug;
		};
		DEC3EDCF292A595500A31477 /* Release */ = {
			isa = XCBuildConfiguration;
			buildSettings = {
				ASSETCATALOG_COMPILER_APPICON_NAME = AppIcon;
				ASSETCATALOG_COMPILER_GLOBAL_ACCENT_COLOR_NAME = AccentColor;
				CODE_SIGN_STYLE = Automatic;
				CURRENT_PROJECT_VERSION = 1;
				DEVELOPMENT_TEAM = 6X73SB6LVU;
				GENERATE_INFOPLIST_FILE = YES;
				INFOPLIST_FILE = WBOrdersNotify/Info.plist;
				INFOPLIST_KEY_UIApplicationSupportsIndirectInputEvents = YES;
				INFOPLIST_KEY_UILaunchStoryboardName = LaunchScreen;
				INFOPLIST_KEY_UISupportedInterfaceOrientations = UIInterfaceOrientationPortrait;
				INFOPLIST_KEY_UISupportedInterfaceOrientations_iPad = "UIInterfaceOrientationLandscapeLeft UIInterfaceOrientationLandscapeRight UIInterfaceOrientationPortrait UIInterfaceOrientationPortraitUpsideDown";
				IPHONEOS_DEPLOYMENT_TARGET = 14.0;
				LD_RUNPATH_SEARCH_PATHS = (
					"$(inherited)",
					"@executable_path/Frameworks",
				);
				MARKETING_VERSION = 1.0;
				PRODUCT_BUNDLE_IDENTIFIER = com.WBOrdersNotify;
				PRODUCT_NAME = "$(TARGET_NAME)";
				SUPPORTED_PLATFORMS = "iphoneos iphonesimulator";
				SUPPORTS_MACCATALYST = NO;
				SUPPORTS_MAC_DESIGNED_FOR_IPHONE_IPAD = NO;
				SWIFT_EMIT_LOC_STRINGS = YES;
				SWIFT_VERSION = 5.0;
				TARGETED_DEVICE_FAMILY = 1;
			};
			name = Release;
		};
/* End XCBuildConfiguration section */

/* Begin XCConfigurationList section */
		DEC3EDB4292A595300A31477 /* Build configuration list for PBXProject "WBOrdersNotify" */ = {
			isa = XCConfigurationList;
			buildConfigurations = (
				DEC3EDCB292A595500A31477 /* Debug */,
				DEC3EDCC292A595500A31477 /* Release */,
			);
			defaultConfigurationIsVisible = 0;
			defaultConfigurationName = Release;
		};
		DEC3EDCD292A595500A31477 /* Build configuration list for PBXNativeTarget "WBOrdersNotify" */ = {
			isa = XCConfigurationList;
			buildConfigurations = (
				DEC3EDCE292A595500A31477 /* Debug */,
				DEC3EDCF292A595500A31477 /* Release */,
			);
			defaultConfigurationIsVisible = 0;
			defaultConfigurationName = Release;
		};
/* End XCConfigurationList section */
	};
	rootObject = DEC3EDB1292A595300A31477 /* Project object */;
}
